{
  "name": "graphology-dot",
  "version": "0.0.1",
  "lockfileVersion": 3,
  "requires": true,
  "packages": {
    "": {
      "name": "graphology-dot",
      "version": "0.0.1",
      "license": "MIT",
      "dependencies": {
        "graphology-operators": "^1.5.0",
        "graphology-utils": "^2.4.1"
      }
    },
    "node_modules/graphology-operators": {
      "version": "1.6.1",
      "resolved": "https://registry.npmjs.org/graphology-operators/-/graphology-operators-1.6.1.tgz",
      "integrity": "sha512-ZKGcaN+6L5hv0VelrDgkZ2IQL1c7nrqkTRiHDwBCjmbkS56vWh/iQNDnvd/c9YIpoygtEK0mgGOr/m4i7BOYrw==",
      "license": "MIT",
      "dependencies": {
        "graphology-utils": "^2.0.0"
      },
      "peerDependencies": {
        "graphology-types": ">=0.20.0"
      }
    },
    "node_modules/graphology-types": {
      "version": "0.24.8",
      "resolved": "https://registry.npmjs.org/graphology-types/-/graphology-types-0.24.8.tgz",
      "integrity": "sha512-hDRKYXa8TsoZHjgEaysSRyPdT6uB78Ci8WnjgbStlQysz7xR52PInxNsmnB7IBOM1BhikxkNyCVEFgmPKnpx3Q==",
      "license": "MIT",
      "peer": true
    },
    "node_modules/graphology-utils": {
      "version": "2.5.2",
      "resolved": "https://registry.npmjs.org/graphology-utils/-/graphology-utils-2.5.2.tgz",
      "integrity": "sha512-ckHg8MXrXJkOARk56ZaSCM1g1Wihe2d6iTmz1enGOz4W/l831MBCKSayeFQfowgF8wd+PQ4rlch/56Vs/VZLDQ==",
      "license": "MIT",
      "peerDependencies": {
        "graphology-types": ">=0.23.0"
      }
    }
  }
}
